
Microsoft Visual Studio Solution File, Format Version 12.00
# Visual Studio Version 17
VisualStudioVersion = 17.2.32519.379
MinimumVisualStudioVersion = 10.0.40219.1
Project("{9A19103F-16F7-4668-BE54-9A1E7A4F7556}") = "Functional Programming - Lab", "Functional Programming - Lab\Functional Programming - Lab.csproj", "{111052B3-9E2D-42F6-B4C8-CD1380D558C0}"
EndProject
Project("{9A19103F-16F7-4668-BE54-9A1E7A4F7556}") = "1. Sort Even Numbers", "1. Sort Even Numbers\1. Sort Even Numbers.csproj", "{FCEF139E-7A4A-431A-AD47-6EA5B3D3EEDA}"
EndProject
Project("{9A19103F-16F7-4668-BE54-9A1E7A4F7556}") = "2. Sum Numbers", "2. Sum Numbers\2. Sum Numbers.csproj", "{851856FA-F355-40F6-AFDF-7B1D2B5811B1}"
EndProject
Project("{FAE04EC0-301F-11D3-BF4B-00C04F79EFBC}") = "3. Count Uppercase Words", "3. Count Uppercase Words\3. Count Uppercase Words.csproj", "{75C998A2-3094-4F7B-A1AD-E09D90EE275F}"
EndProject
Project("{FAE04EC0-301F-11D3-BF4B-00C04F79EFBC}") = "4. Add VAT", "4. Add VAT\4. Add VAT.csproj", "{8AF35474-8C12-4916-BEBF-969BA4A22332}"
EndProject
Project("{FAE04EC0-301F-11D3-BF4B-00C04F79EFBC}") = "5. Filter by Age", "5. Filter by Age\5. Filter by Age.csproj", "{5FA81B81-F9DF-4DA4-9C09-49C0664E7B39}"
EndProject
Global
	GlobalSection(SolutionConfigurationPlatforms) = preSolution
		Debug|Any CPU = Debug|Any CPU
		Release|Any CPU = Release|Any CPU
	EndGlobalSection
	GlobalSection(ProjectConfigurationPlatforms) = postSolution
		{111052B3-9E2D-42F6-B4C8-CD1380D558C0}.Debug|Any CPU.ActiveCfg = Debug|Any CPU
		{111052B3-9E2D-42F6-B4C8-CD1380D558C0}.Debug|Any CPU.Build.0 = Debug|Any CPU
		{111052B3-9E2D-42F6-B4C8-CD1380D558C0}.Release|Any CPU.ActiveCfg = Release|Any CPU
		{111052B3-9E2D-42F6-B4C8-CD1380D558C0}.Release|Any CPU.Build.0 = Release|Any CPU
		{FCEF139E-7A4A-431A-AD47-6EA5B3D3EEDA}.Debug|Any CPU.ActiveCfg = Debug|Any CPU
		{FCEF139E-7A4A-431A-AD47-6EA5B3D3EEDA}.Debug|Any CPU.Build.0 = Debug|Any CPU
		{FCEF139E-7A4A-431A-AD47-6EA5B3D3EEDA}.Release|Any CPU.ActiveCfg = Release|Any CPU
		{FCEF139E-7A4A-431A-AD47-6EA5B3D3EEDA}.Release|Any CPU.Build.0 = Release|Any CPU
		{851856FA-F355-40F6-AFDF-7B1D2B5811B1}.Debug|Any CPU.ActiveCfg = Debug|Any CPU
		{851856FA-F355-40F6-AFDF-7B1D2B5811B1}.Debug|Any CPU.Build.0 = Debug|Any CPU
		{851856FA-F355-40F6-AFDF-7B1D2B5811B1}.Release|Any CPU.ActiveCfg = Release|Any CPU
		{851856FA-F355-40F6-AFDF-7B1D2B5811B1}.Release|Any CPU.Build.0 = Release|Any CPU
		{75C998A2-3094-4F7B-A1AD-E09D90EE275F}.Debug|Any CPU.ActiveCfg = Debug|Any CPU
		{75C998A2-3094-4F7B-A1AD-E09D90EE275F}.Debug|Any CPU.Build.0 = Debug|Any CPU
		{75C998A2-3094-4F7B-A1AD-E09D90EE275F}.Release|Any CPU.ActiveCfg = Release|Any CPU
		{75C998A2-3094-4F7B-A1AD-E09D90EE275F}.Release|Any CPU.Build.0 = Release|Any CPU
		{8AF35474-8C12-4916-BEBF-969BA4A22332}.Debug|Any CPU.ActiveCfg = Debug|Any CPU
		{8AF35474-8C12-4916-BEBF-969BA4A22332}.Debug|Any CPU.Build.0 = Debug|Any CPU
		{8AF35474-8C12-4916-BEBF-969BA4A22332}.Release|Any CPU.ActiveCfg = Release|Any CPU
		{8AF35474-8C12-4916-BEBF-969BA4A22332}.Release|Any CPU.Build.0 = Release|Any CPU
		{5FA81B81-F9DF-4DA4-9C09-49C0664E7B39}.Debug|Any CPU.ActiveCfg = Debug|Any CPU
		{5FA81B81-F9DF-4DA4-9C09-49C0664E7B39}.Debug|Any CPU.Build.0 = Debug|Any CPU
		{5FA81B81-F9DF-4DA4-9C09-49C0664E7B39}.Release|Any CPU.ActiveCfg = Release|Any CPU
		{5FA81B81-F9DF-4DA4-9C09-49C0664E7B39}.Release|Any CPU.Build.0 = Release|Any CPU
	EndGlobalSection
	GlobalSection(SolutionProperties) = preSolution
		HideSolutionNode = FALSE
	EndGlobalSection
	GlobalSection(ExtensibilityGlobals) = postSolution
		SolutionGuid = {3A6CC02A-0529-4BE0-9C77-CA076BF2B70B}
	EndGlobalSection
EndGlobal
