
Microsoft Visual Studio Solution File, Format Version 12.00
# Visual Studio Version 17
VisualStudioVersion = 17.2.32519.379
MinimumVisualStudioVersion = 10.0.40219.1
Project("{FAE04EC0-301F-11D3-BF4B-00C04F79EFBC}") = "Functional Programming - Exercise", "Functional Programming - Exercise\Functional Programming - Exercise.csproj", "{6A486970-A0B8-4876-96E1-5F3F65075E21}"
EndProject
Project("{FAE04EC0-301F-11D3-BF4B-00C04F79EFBC}") = "1. Action Point", "1. Action Point\1. Action Point.csproj", "{7F237DD9-2AA8-4DDE-90EE-D72925B1CA9F}"
EndProject
Project("{FAE04EC0-301F-11D3-BF4B-00C04F79EFBC}") = "2. Knights of Honor", "2. Knights of Honor\2. Knights of Honor.csproj", "{0AEE2CC1-263C-4150-AD7F-575A253673CB}"
EndProject
Project("{FAE04EC0-301F-11D3-BF4B-00C04F79EFBC}") = "3. Custom Min Function", "3. Custom Min Function\3. Custom Min Function.csproj", "{6660C263-AEBA-41FD-AF41-929C63915972}"
EndProject
Project("{FAE04EC0-301F-11D3-BF4B-00C04F79EFBC}") = "4. Find Evens or Odds", "4. Find Evens or Odds\4. Find Evens or Odds.csproj", "{1D2CF13D-6117-4AA7-B519-F02148B85815}"
EndProject
Project("{FAE04EC0-301F-11D3-BF4B-00C04F79EFBC}") = "5. Applied Arithmetics", "5. Applied Arithmetics\5. Applied Arithmetics.csproj", "{FF341C26-E6DF-4784-ADEF-88A77C55E7F9}"
EndProject
Project("{FAE04EC0-301F-11D3-BF4B-00C04F79EFBC}") = "6. Reverse and Exclude", "6. Reverse and Exclude\6. Reverse and Exclude.csproj", "{97F30CA7-9BED-4C8D-9542-D7494E044657}"
EndProject
Project("{FAE04EC0-301F-11D3-BF4B-00C04F79EFBC}") = "7. Predicate for Names", "7. Predicate for Names\7. Predicate for Names.csproj", "{CE4BB37D-614A-4478-80BC-9078166FFA67}"
EndProject
Project("{FAE04EC0-301F-11D3-BF4B-00C04F79EFBC}") = "8. List of Predicates", "8. List of Predicates\8. List of Predicates.csproj", "{4FEE720B-D904-46DA-B3D1-82E13B2880C7}"
EndProject
Project("{FAE04EC0-301F-11D3-BF4B-00C04F79EFBC}") = "9. Predicate Party!", "9. Predicate Party!\9. Predicate Party!.csproj", "{41A9E286-1739-4B04-A353-C28707423D5B}"
EndProject
Project("{FAE04EC0-301F-11D3-BF4B-00C04F79EFBC}") = "10. Party Reservation Filter Module", "10. Party Reservation Filter Module\10. Party Reservation Filter Module.csproj", "{4257615B-DBCB-4B80-9A65-558E5EDD0BDC}"
EndProject
Project("{FAE04EC0-301F-11D3-BF4B-00C04F79EFBC}") = "11. TriFunction", "11. TriFunction\11. TriFunction.csproj", "{7EE7559F-1123-4579-B445-EE5F1EAF2BBC}"
EndProject
Global
	GlobalSection(SolutionConfigurationPlatforms) = preSolution
		Debug|Any CPU = Debug|Any CPU
		Release|Any CPU = Release|Any CPU
	EndGlobalSection
	GlobalSection(ProjectConfigurationPlatforms) = postSolution
		{6A486970-A0B8-4876-96E1-5F3F65075E21}.Debug|Any CPU.ActiveCfg = Debug|Any CPU
		{6A486970-A0B8-4876-96E1-5F3F65075E21}.Debug|Any CPU.Build.0 = Debug|Any CPU
		{6A486970-A0B8-4876-96E1-5F3F65075E21}.Release|Any CPU.ActiveCfg = Release|Any CPU
		{6A486970-A0B8-4876-96E1-5F3F65075E21}.Release|Any CPU.Build.0 = Release|Any CPU
		{7F237DD9-2AA8-4DDE-90EE-D72925B1CA9F}.Debug|Any CPU.ActiveCfg = Debug|Any CPU
		{7F237DD9-2AA8-4DDE-90EE-D72925B1CA9F}.Debug|Any CPU.Build.0 = Debug|Any CPU
		{7F237DD9-2AA8-4DDE-90EE-D72925B1CA9F}.Release|Any CPU.ActiveCfg = Release|Any CPU
		{7F237DD9-2AA8-4DDE-90EE-D72925B1CA9F}.Release|Any CPU.Build.0 = Release|Any CPU
		{0AEE2CC1-263C-4150-AD7F-575A253673CB}.Debug|Any CPU.ActiveCfg = Debug|Any CPU
		{0AEE2CC1-263C-4150-AD7F-575A253673CB}.Debug|Any CPU.Build.0 = Debug|Any CPU
		{0AEE2CC1-263C-4150-AD7F-575A253673CB}.Release|Any CPU.ActiveCfg = Release|Any CPU
		{0AEE2CC1-263C-4150-AD7F-575A253673CB}.Release|Any CPU.Build.0 = Release|Any CPU
		{6660C263-AEBA-41FD-AF41-929C63915972}.Debug|Any CPU.ActiveCfg = Debug|Any CPU
		{6660C263-AEBA-41FD-AF41-929C63915972}.Debug|Any CPU.Build.0 = Debug|Any CPU
		{6660C263-AEBA-41FD-AF41-929C63915972}.Release|Any CPU.ActiveCfg = Release|Any CPU
		{6660C263-AEBA-41FD-AF41-929C63915972}.Release|Any CPU.Build.0 = Release|Any CPU
		{1D2CF13D-6117-4AA7-B519-F02148B85815}.Debug|Any CPU.ActiveCfg = Debug|Any CPU
		{1D2CF13D-6117-4AA7-B519-F02148B85815}.Debug|Any CPU.Build.0 = Debug|Any CPU
		{1D2CF13D-6117-4AA7-B519-F02148B85815}.Release|Any CPU.ActiveCfg = Release|Any CPU
		{1D2CF13D-6117-4AA7-B519-F02148B85815}.Release|Any CPU.Build.0 = Release|Any CPU
		{FF341C26-E6DF-4784-ADEF-88A77C55E7F9}.Debug|Any CPU.ActiveCfg = Debug|Any CPU
		{FF341C26-E6DF-4784-ADEF-88A77C55E7F9}.Debug|Any CPU.Build.0 = Debug|Any CPU
		{FF341C26-E6DF-4784-ADEF-88A77C55E7F9}.Release|Any CPU.ActiveCfg = Release|Any CPU
		{FF341C26-E6DF-4784-ADEF-88A77C55E7F9}.Release|Any CPU.Build.0 = Release|Any CPU
		{97F30CA7-9BED-4C8D-9542-D7494E044657}.Debug|Any CPU.ActiveCfg = Debug|Any CPU
		{97F30CA7-9BED-4C8D-9542-D7494E044657}.Debug|Any CPU.Build.0 = Debug|Any CPU
		{97F30CA7-9BED-4C8D-9542-D7494E044657}.Release|Any CPU.ActiveCfg = Release|Any CPU
		{97F30CA7-9BED-4C8D-9542-D7494E044657}.Release|Any CPU.Build.0 = Release|Any CPU
		{CE4BB37D-614A-4478-80BC-9078166FFA67}.Debug|Any CPU.ActiveCfg = Debug|Any CPU
		{CE4BB37D-614A-4478-80BC-9078166FFA67}.Debug|Any CPU.Build.0 = Debug|Any CPU
		{CE4BB37D-614A-4478-80BC-9078166FFA67}.Release|Any CPU.ActiveCfg = Release|Any CPU
		{CE4BB37D-614A-4478-80BC-9078166FFA67}.Release|Any CPU.Build.0 = Release|Any CPU
		{4FEE720B-D904-46DA-B3D1-82E13B2880C7}.Debug|Any CPU.ActiveCfg = Debug|Any CPU
		{4FEE720B-D904-46DA-B3D1-82E13B2880C7}.Debug|Any CPU.Build.0 = Debug|Any CPU
		{4FEE720B-D904-46DA-B3D1-82E13B2880C7}.Release|Any CPU.ActiveCfg = Release|Any CPU
		{4FEE720B-D904-46DA-B3D1-82E13B2880C7}.Release|Any CPU.Build.0 = Release|Any CPU
		{41A9E286-1739-4B04-A353-C28707423D5B}.Debug|Any CPU.ActiveCfg = Debug|Any CPU
		{41A9E286-1739-4B04-A353-C28707423D5B}.Debug|Any CPU.Build.0 = Debug|Any CPU
		{41A9E286-1739-4B04-A353-C28707423D5B}.Release|Any CPU.ActiveCfg = Release|Any CPU
		{41A9E286-1739-4B04-A353-C28707423D5B}.Release|Any CPU.Build.0 = Release|Any CPU
		{4257615B-DBCB-4B80-9A65-558E5EDD0BDC}.Debug|Any CPU.ActiveCfg = Debug|Any CPU
		{4257615B-DBCB-4B80-9A65-558E5EDD0BDC}.Debug|Any CPU.Build.0 = Debug|Any CPU
		{4257615B-DBCB-4B80-9A65-558E5EDD0BDC}.Release|Any CPU.ActiveCfg = Release|Any CPU
		{4257615B-DBCB-4B80-9A65-558E5EDD0BDC}.Release|Any CPU.Build.0 = Release|Any CPU
		{7EE7559F-1123-4579-B445-EE5F1EAF2BBC}.Debug|Any CPU.ActiveCfg = Debug|Any CPU
		{7EE7559F-1123-4579-B445-EE5F1EAF2BBC}.Debug|Any CPU.Build.0 = Debug|Any CPU
		{7EE7559F-1123-4579-B445-EE5F1EAF2BBC}.Release|Any CPU.ActiveCfg = Release|Any CPU
		{7EE7559F-1123-4579-B445-EE5F1EAF2BBC}.Release|Any CPU.Build.0 = Release|Any CPU
	EndGlobalSection
	GlobalSection(SolutionProperties) = preSolution
		HideSolutionNode = FALSE
	EndGlobalSection
	GlobalSection(ExtensibilityGlobals) = postSolution
		SolutionGuid = {A30F2FCE-A068-423B-8B89-D54A34AB6B8F}
	EndGlobalSection
EndGlobal
