
Microsoft Visual Studio Solution File, Format Version 12.00
# Visual Studio Version 17
VisualStudioVersion = 17.0.32112.339
MinimumVisualStudioVersion = 10.0.40219.1
Project("{FAE04EC0-301F-11D3-BF4B-00C04F79EFBC}") = "Zadacha3", "Zadacha3\Zadacha3.csproj", "{6300B8A4-FDB7-47DC-B5D2-60DEED5DAA63}"
EndProject
Project("{FAE04EC0-301F-11D3-BF4B-00C04F79EFBC}") = "Zadacha4", "Zadacha4\Zadacha4.csproj", "{B270AD92-CA9D-425A-AC0F-368024AF7146}"
EndProject
Global
	GlobalSection(SolutionConfigurationPlatforms) = preSolution
		Debug|Any CPU = Debug|Any CPU
		Release|Any CPU = Release|Any CPU
	EndGlobalSection
	GlobalSection(ProjectConfigurationPlatforms) = postSolution
		{6300B8A4-FDB7-47DC-B5D2-60DEED5DAA63}.Debug|Any CPU.ActiveCfg = Debug|Any CPU
		{6300B8A4-FDB7-47DC-B5D2-60DEED5DAA63}.Debug|Any CPU.Build.0 = Debug|Any CPU
		{6300B8A4-FDB7-47DC-B5D2-60DEED5DAA63}.Release|Any CPU.ActiveCfg = Release|Any CPU
		{6300B8A4-FDB7-47DC-B5D2-60DEED5DAA63}.Release|Any CPU.Build.0 = Release|Any CPU
		{B270AD92-CA9D-425A-AC0F-368024AF7146}.Debug|Any CPU.ActiveCfg = Debug|Any CPU
		{B270AD92-CA9D-425A-AC0F-368024AF7146}.Debug|Any CPU.Build.0 = Debug|Any CPU
		{B270AD92-CA9D-425A-AC0F-368024AF7146}.Release|Any CPU.ActiveCfg = Release|Any CPU
		{B270AD92-CA9D-425A-AC0F-368024AF7146}.Release|Any CPU.Build.0 = Release|Any CPU
	EndGlobalSection
	GlobalSection(SolutionProperties) = preSolution
		HideSolutionNode = FALSE
	EndGlobalSection
	GlobalSection(ExtensibilityGlobals) = postSolution
		SolutionGuid = {B5093651-E7AF-43DA-AF6C-8F867DF2A725}
	EndGlobalSection
EndGlobal
