
Microsoft Visual Studio Solution File, Format Version 12.00
# Visual Studio Version 17
VisualStudioVersion = 17.2.32519.379
MinimumVisualStudioVersion = 10.0.40219.1
Project("{FAE04EC0-301F-11D3-BF4B-00C04F79EFBC}") = "lastpossiblexam", "lastpossiblexam\lastpossiblexam.csproj", "{52FAA986-11F2-4D05-9997-6DD3C65CCF5C}"
EndProject
Project("{FAE04EC0-301F-11D3-BF4B-00C04F79EFBC}") = "1.MealPlan", "1.MealPlan\1.MealPlan.csproj", "{20877B07-7CA8-4D83-8D11-FC7A4834EE25}"
EndProject
Global
	GlobalSection(SolutionConfigurationPlatforms) = preSolution
		Debug|Any CPU = Debug|Any CPU
		Release|Any CPU = Release|Any CPU
	EndGlobalSection
	GlobalSection(ProjectConfigurationPlatforms) = postSolution
		{52FAA986-11F2-4D05-9997-6DD3C65CCF5C}.Debug|Any CPU.ActiveCfg = Debug|Any CPU
		{52FAA986-11F2-4D05-9997-6DD3C65CCF5C}.Debug|Any CPU.Build.0 = Debug|Any CPU
		{52FAA986-11F2-4D05-9997-6DD3C65CCF5C}.Release|Any CPU.ActiveCfg = Release|Any CPU
		{52FAA986-11F2-4D05-9997-6DD3C65CCF5C}.Release|Any CPU.Build.0 = Release|Any CPU
		{20877B07-7CA8-4D83-8D11-FC7A4834EE25}.Debug|Any CPU.ActiveCfg = Debug|Any CPU
		{20877B07-7CA8-4D83-8D11-FC7A4834EE25}.Debug|Any CPU.Build.0 = Debug|Any CPU
		{20877B07-7CA8-4D83-8D11-FC7A4834EE25}.Release|Any CPU.ActiveCfg = Release|Any CPU
		{20877B07-7CA8-4D83-8D11-FC7A4834EE25}.Release|Any CPU.Build.0 = Release|Any CPU
	EndGlobalSection
	GlobalSection(SolutionProperties) = preSolution
		HideSolutionNode = FALSE
	EndGlobalSection
	GlobalSection(ExtensibilityGlobals) = postSolution
		SolutionGuid = {F67BEE29-88AE-4B26-8254-0591BEB36BE1}
	EndGlobalSection
EndGlobal
