
Microsoft Visual Studio Solution File, Format Version 12.00
# Visual Studio Version 17
VisualStudioVersion = 17.2.32519.379
MinimumVisualStudioVersion = 10.0.40219.1
Project("{9A19103F-16F7-4668-BE54-9A1E7A4F7556}") = "ExamPrep15062022", "ExamPrep15062022\ExamPrep15062022.csproj", "{0D4ED856-7002-41BA-9E8F-D69C0680CA70}"
EndProject
Project("{9A19103F-16F7-4668-BE54-9A1E7A4F7556}") = "01.MealPlan", "01.MealPlan\01.MealPlan.csproj", "{5BF941FD-4372-45C9-8D81-3C5A37773C16}"
EndProject
Project("{9A19103F-16F7-4668-BE54-9A1E7A4F7556}") = "02.BeaveratWork", "02.BeaveratWork\02.BeaveratWork.csproj", "{53D54DF2-8FF1-4F4C-91F0-251017EEC2A9}"
EndProject
Project("{9A19103F-16F7-4668-BE54-9A1E7A4F7556}") = "01.Blacksmith", "01.Blacksmith\01.Blacksmith.csproj", "{3C617C69-5954-4E67-88CA-99601F7CBD27}"
EndProject
Project("{9A19103F-16F7-4668-BE54-9A1E7A4F7556}") = "02.TruffleHunter", "02.TruffleHunter\02.TruffleHunter.csproj", "{53E58C2F-6F17-427F-A0E7-F292A75433AB}"
EndProject
Project("{9A19103F-16F7-4668-BE54-9A1E7A4F7556}") = "1.FoodFinder", "1.FoodFinder\1.FoodFinder.csproj", "{1E2A61AF-E517-4437-B262-79B2EAB0172F}"
EndProject
Project("{9A19103F-16F7-4668-BE54-9A1E7A4F7556}") = "2.PawnWars", "2.PawnWars\2.PawnWars.csproj", "{490C8DB1-038B-439A-A334-105F8C7ABEF8}"
EndProject
Project("{9A19103F-16F7-4668-BE54-9A1E7A4F7556}") = "1.Masterchef", "1.Masterchef\1.Masterchef.csproj", "{9F3E2950-A997-4453-A156-4580AFCFA444}"
EndProject
Project("{9A19103F-16F7-4668-BE54-9A1E7A4F7556}") = "2.Survivor", "2.Survivor\2.Survivor.csproj", "{9B62DF1F-B4CF-477A-84DF-D8DC3ED7D643}"
EndProject
Project("{9A19103F-16F7-4668-BE54-9A1E7A4F7556}") = "1.Bombs", "1.Bombs\1.Bombs.csproj", "{944560CB-2E44-4EA2-B944-ABFD919ACE1E}"
EndProject
Project("{9A19103F-16F7-4668-BE54-9A1E7A4F7556}") = "2.Snake", "2.Snake\2.Snake.csproj", "{9E903115-5577-462A-8BDD-E9CE5BC40FAC}"
EndProject
Project("{FAE04EC0-301F-11D3-BF4B-00C04F79EFBC}") = "01.WarmWinter", "01.WarmWinter\01.WarmWinter.csproj", "{5AAC84C7-EA7C-489B-8777-3D2B0C764584}"
EndProject
Project("{FAE04EC0-301F-11D3-BF4B-00C04F79EFBC}") = "02.SuperMario", "02.SuperMario\02.SuperMario.csproj", "{A62C707B-AD92-4A78-8D7D-14E423F25F2E}"
EndProject
Global
	GlobalSection(SolutionConfigurationPlatforms) = preSolution
		Debug|Any CPU = Debug|Any CPU
		Release|Any CPU = Release|Any CPU
	EndGlobalSection
	GlobalSection(ProjectConfigurationPlatforms) = postSolution
		{0D4ED856-7002-41BA-9E8F-D69C0680CA70}.Debug|Any CPU.ActiveCfg = Debug|Any CPU
		{0D4ED856-7002-41BA-9E8F-D69C0680CA70}.Debug|Any CPU.Build.0 = Debug|Any CPU
		{0D4ED856-7002-41BA-9E8F-D69C0680CA70}.Release|Any CPU.ActiveCfg = Release|Any CPU
		{0D4ED856-7002-41BA-9E8F-D69C0680CA70}.Release|Any CPU.Build.0 = Release|Any CPU
		{5BF941FD-4372-45C9-8D81-3C5A37773C16}.Debug|Any CPU.ActiveCfg = Debug|Any CPU
		{5BF941FD-4372-45C9-8D81-3C5A37773C16}.Debug|Any CPU.Build.0 = Debug|Any CPU
		{5BF941FD-4372-45C9-8D81-3C5A37773C16}.Release|Any CPU.ActiveCfg = Release|Any CPU
		{5BF941FD-4372-45C9-8D81-3C5A37773C16}.Release|Any CPU.Build.0 = Release|Any CPU
		{53D54DF2-8FF1-4F4C-91F0-251017EEC2A9}.Debug|Any CPU.ActiveCfg = Debug|Any CPU
		{53D54DF2-8FF1-4F4C-91F0-251017EEC2A9}.Debug|Any CPU.Build.0 = Debug|Any CPU
		{53D54DF2-8FF1-4F4C-91F0-251017EEC2A9}.Release|Any CPU.ActiveCfg = Release|Any CPU
		{53D54DF2-8FF1-4F4C-91F0-251017EEC2A9}.Release|Any CPU.Build.0 = Release|Any CPU
		{3C617C69-5954-4E67-88CA-99601F7CBD27}.Debug|Any CPU.ActiveCfg = Debug|Any CPU
		{3C617C69-5954-4E67-88CA-99601F7CBD27}.Debug|Any CPU.Build.0 = Debug|Any CPU
		{3C617C69-5954-4E67-88CA-99601F7CBD27}.Release|Any CPU.ActiveCfg = Release|Any CPU
		{3C617C69-5954-4E67-88CA-99601F7CBD27}.Release|Any CPU.Build.0 = Release|Any CPU
		{53E58C2F-6F17-427F-A0E7-F292A75433AB}.Debug|Any CPU.ActiveCfg = Debug|Any CPU
		{53E58C2F-6F17-427F-A0E7-F292A75433AB}.Debug|Any CPU.Build.0 = Debug|Any CPU
		{53E58C2F-6F17-427F-A0E7-F292A75433AB}.Release|Any CPU.ActiveCfg = Release|Any CPU
		{53E58C2F-6F17-427F-A0E7-F292A75433AB}.Release|Any CPU.Build.0 = Release|Any CPU
		{1E2A61AF-E517-4437-B262-79B2EAB0172F}.Debug|Any CPU.ActiveCfg = Debug|Any CPU
		{1E2A61AF-E517-4437-B262-79B2EAB0172F}.Debug|Any CPU.Build.0 = Debug|Any CPU
		{1E2A61AF-E517-4437-B262-79B2EAB0172F}.Release|Any CPU.ActiveCfg = Release|Any CPU
		{1E2A61AF-E517-4437-B262-79B2EAB0172F}.Release|Any CPU.Build.0 = Release|Any CPU
		{490C8DB1-038B-439A-A334-105F8C7ABEF8}.Debug|Any CPU.ActiveCfg = Debug|Any CPU
		{490C8DB1-038B-439A-A334-105F8C7ABEF8}.Debug|Any CPU.Build.0 = Debug|Any CPU
		{490C8DB1-038B-439A-A334-105F8C7ABEF8}.Release|Any CPU.ActiveCfg = Release|Any CPU
		{490C8DB1-038B-439A-A334-105F8C7ABEF8}.Release|Any CPU.Build.0 = Release|Any CPU
		{9F3E2950-A997-4453-A156-4580AFCFA444}.Debug|Any CPU.ActiveCfg = Debug|Any CPU
		{9F3E2950-A997-4453-A156-4580AFCFA444}.Debug|Any CPU.Build.0 = Debug|Any CPU
		{9F3E2950-A997-4453-A156-4580AFCFA444}.Release|Any CPU.ActiveCfg = Release|Any CPU
		{9F3E2950-A997-4453-A156-4580AFCFA444}.Release|Any CPU.Build.0 = Release|Any CPU
		{9B62DF1F-B4CF-477A-84DF-D8DC3ED7D643}.Debug|Any CPU.ActiveCfg = Debug|Any CPU
		{9B62DF1F-B4CF-477A-84DF-D8DC3ED7D643}.Debug|Any CPU.Build.0 = Debug|Any CPU
		{9B62DF1F-B4CF-477A-84DF-D8DC3ED7D643}.Release|Any CPU.ActiveCfg = Release|Any CPU
		{9B62DF1F-B4CF-477A-84DF-D8DC3ED7D643}.Release|Any CPU.Build.0 = Release|Any CPU
		{944560CB-2E44-4EA2-B944-ABFD919ACE1E}.Debug|Any CPU.ActiveCfg = Debug|Any CPU
		{944560CB-2E44-4EA2-B944-ABFD919ACE1E}.Debug|Any CPU.Build.0 = Debug|Any CPU
		{944560CB-2E44-4EA2-B944-ABFD919ACE1E}.Release|Any CPU.ActiveCfg = Release|Any CPU
		{944560CB-2E44-4EA2-B944-ABFD919ACE1E}.Release|Any CPU.Build.0 = Release|Any CPU
		{9E903115-5577-462A-8BDD-E9CE5BC40FAC}.Debug|Any CPU.ActiveCfg = Debug|Any CPU
		{9E903115-5577-462A-8BDD-E9CE5BC40FAC}.Debug|Any CPU.Build.0 = Debug|Any CPU
		{9E903115-5577-462A-8BDD-E9CE5BC40FAC}.Release|Any CPU.ActiveCfg = Release|Any CPU
		{9E903115-5577-462A-8BDD-E9CE5BC40FAC}.Release|Any CPU.Build.0 = Release|Any CPU
		{5AAC84C7-EA7C-489B-8777-3D2B0C764584}.Debug|Any CPU.ActiveCfg = Debug|Any CPU
		{5AAC84C7-EA7C-489B-8777-3D2B0C764584}.Debug|Any CPU.Build.0 = Debug|Any CPU
		{5AAC84C7-EA7C-489B-8777-3D2B0C764584}.Release|Any CPU.ActiveCfg = Release|Any CPU
		{5AAC84C7-EA7C-489B-8777-3D2B0C764584}.Release|Any CPU.Build.0 = Release|Any CPU
		{A62C707B-AD92-4A78-8D7D-14E423F25F2E}.Debug|Any CPU.ActiveCfg = Debug|Any CPU
		{A62C707B-AD92-4A78-8D7D-14E423F25F2E}.Debug|Any CPU.Build.0 = Debug|Any CPU
		{A62C707B-AD92-4A78-8D7D-14E423F25F2E}.Release|Any CPU.ActiveCfg = Release|Any CPU
		{A62C707B-AD92-4A78-8D7D-14E423F25F2E}.Release|Any CPU.Build.0 = Release|Any CPU
	EndGlobalSection
	GlobalSection(SolutionProperties) = preSolution
		HideSolutionNode = FALSE
	EndGlobalSection
	GlobalSection(ExtensibilityGlobals) = postSolution
		SolutionGuid = {56F46342-D8A0-488C-A17F-42DFB9E2D40D}
	EndGlobalSection
EndGlobal
