
Microsoft Visual Studio Solution File, Format Version 12.00
# Visual Studio Version 17
VisualStudioVersion = 17.2.32519.379
MinimumVisualStudioVersion = 10.0.40219.1
Project("{9A19103F-16F7-4668-BE54-9A1E7A4F7556}") = "ExamPrep15062022", "ExamPrep15062022\ExamPrep15062022.csproj", "{0D4ED856-7002-41BA-9E8F-D69C0680CA70}"
EndProject
Project("{9A19103F-16F7-4668-BE54-9A1E7A4F7556}") = "01.MealPlan", "01.MealPlan\01.MealPlan.csproj", "{5BF941FD-4372-45C9-8D81-3C5A37773C16}"
EndProject
Project("{9A19103F-16F7-4668-BE54-9A1E7A4F7556}") = "02.BeaveratWork", "02.BeaveratWork\02.BeaveratWork.csproj", "{53D54DF2-8FF1-4F4C-91F0-251017EEC2A9}"
EndProject
Project("{9A19103F-16F7-4668-BE54-9A1E7A4F7556}") = "01.Blacksmith", "01.Blacksmith\01.Blacksmith.csproj", "{3C617C69-5954-4E67-88CA-99601F7CBD27}"
EndProject
Project("{9A19103F-16F7-4668-BE54-9A1E7A4F7556}") = "02.TruffleHunter", "02.TruffleHunter\02.TruffleHunter.csproj", "{53E58C2F-6F17-427F-A0E7-F292A75433AB}"
EndProject
Global
	GlobalSection(SolutionConfigurationPlatforms) = preSolution
		Debug|Any CPU = Debug|Any CPU
		Release|Any CPU = Release|Any CPU
	EndGlobalSection
	GlobalSection(ProjectConfigurationPlatforms) = postSolution
		{0D4ED856-7002-41BA-9E8F-D69C0680CA70}.Debug|Any CPU.ActiveCfg = Debug|Any CPU
		{0D4ED856-7002-41BA-9E8F-D69C0680CA70}.Debug|Any CPU.Build.0 = Debug|Any CPU
		{0D4ED856-7002-41BA-9E8F-D69C0680CA70}.Release|Any CPU.ActiveCfg = Release|Any CPU
		{0D4ED856-7002-41BA-9E8F-D69C0680CA70}.Release|Any CPU.Build.0 = Release|Any CPU
		{5BF941FD-4372-45C9-8D81-3C5A37773C16}.Debug|Any CPU.ActiveCfg = Debug|Any CPU
		{5BF941FD-4372-45C9-8D81-3C5A37773C16}.Debug|Any CPU.Build.0 = Debug|Any CPU
		{5BF941FD-4372-45C9-8D81-3C5A37773C16}.Release|Any CPU.ActiveCfg = Release|Any CPU
		{5BF941FD-4372-45C9-8D81-3C5A37773C16}.Release|Any CPU.Build.0 = Release|Any CPU
		{53D54DF2-8FF1-4F4C-91F0-251017EEC2A9}.Debug|Any CPU.ActiveCfg = Debug|Any CPU
		{53D54DF2-8FF1-4F4C-91F0-251017EEC2A9}.Debug|Any CPU.Build.0 = Debug|Any CPU
		{53D54DF2-8FF1-4F4C-91F0-251017EEC2A9}.Release|Any CPU.ActiveCfg = Release|Any CPU
		{53D54DF2-8FF1-4F4C-91F0-251017EEC2A9}.Release|Any CPU.Build.0 = Release|Any CPU
		{3C617C69-5954-4E67-88CA-99601F7CBD27}.Debug|Any CPU.ActiveCfg = Debug|Any CPU
		{3C617C69-5954-4E67-88CA-99601F7CBD27}.Debug|Any CPU.Build.0 = Debug|Any CPU
		{3C617C69-5954-4E67-88CA-99601F7CBD27}.Release|Any CPU.ActiveCfg = Release|Any CPU
		{3C617C69-5954-4E67-88CA-99601F7CBD27}.Release|Any CPU.Build.0 = Release|Any CPU
		{53E58C2F-6F17-427F-A0E7-F292A75433AB}.Debug|Any CPU.ActiveCfg = Debug|Any CPU
		{53E58C2F-6F17-427F-A0E7-F292A75433AB}.Debug|Any CPU.Build.0 = Debug|Any CPU
		{53E58C2F-6F17-427F-A0E7-F292A75433AB}.Release|Any CPU.ActiveCfg = Release|Any CPU
		{53E58C2F-6F17-427F-A0E7-F292A75433AB}.Release|Any CPU.Build.0 = Release|Any CPU
	EndGlobalSection
	GlobalSection(SolutionProperties) = preSolution
		HideSolutionNode = FALSE
	EndGlobalSection
	GlobalSection(ExtensibilityGlobals) = postSolution
		SolutionGuid = {56F46342-D8A0-488C-A17F-42DFB9E2D40D}
	EndGlobalSection
EndGlobal
