
Microsoft Visual Studio Solution File, Format Version 12.00
# Visual Studio Version 17
VisualStudioVersion = 17.2.32519.379
MinimumVisualStudioVersion = 10.0.40219.1
Project("{FAE04EC0-301F-11D3-BF4B-00C04F79EFBC}") = "Defining Classes - Exercise", "Defining Classes - Exercise\Defining Classes - Exercise.csproj", "{1610610D-57F9-401F-AD40-D501E9ECCE51}"
EndProject
Project("{FAE04EC0-301F-11D3-BF4B-00C04F79EFBC}") = "1. Define a Class Person", "1. Define a Class Person\1. Define a Class Person.csproj", "{E47A5300-DFB1-4D3F-9D49-8B8D2E4EE84E}"
EndProject
Project("{FAE04EC0-301F-11D3-BF4B-00C04F79EFBC}") = "2. Creating Constructors", "2. Creating Constructors\2. Creating Constructors.csproj", "{E73351B5-ED40-4E7F-A5BF-0B5C7935DCBC}"
EndProject
Project("{FAE04EC0-301F-11D3-BF4B-00C04F79EFBC}") = "3. Oldest Family Member", "3. Oldest Family Member\3. Oldest Family Member.csproj", "{0CE32A9B-7FD8-40FC-B42B-7E2AE04815D7}"
EndProject
Project("{FAE04EC0-301F-11D3-BF4B-00C04F79EFBC}") = "4. Opinion Poll", "4. Opinion Poll\4. Opinion Poll.csproj", "{4DD1A61F-F8D3-4BEA-96D7-96023340467D}"
EndProject
Global
	GlobalSection(SolutionConfigurationPlatforms) = preSolution
		Debug|Any CPU = Debug|Any CPU
		Release|Any CPU = Release|Any CPU
	EndGlobalSection
	GlobalSection(ProjectConfigurationPlatforms) = postSolution
		{1610610D-57F9-401F-AD40-D501E9ECCE51}.Debug|Any CPU.ActiveCfg = Debug|Any CPU
		{1610610D-57F9-401F-AD40-D501E9ECCE51}.Debug|Any CPU.Build.0 = Debug|Any CPU
		{1610610D-57F9-401F-AD40-D501E9ECCE51}.Release|Any CPU.ActiveCfg = Release|Any CPU
		{1610610D-57F9-401F-AD40-D501E9ECCE51}.Release|Any CPU.Build.0 = Release|Any CPU
		{E47A5300-DFB1-4D3F-9D49-8B8D2E4EE84E}.Debug|Any CPU.ActiveCfg = Debug|Any CPU
		{E47A5300-DFB1-4D3F-9D49-8B8D2E4EE84E}.Debug|Any CPU.Build.0 = Debug|Any CPU
		{E47A5300-DFB1-4D3F-9D49-8B8D2E4EE84E}.Release|Any CPU.ActiveCfg = Release|Any CPU
		{E47A5300-DFB1-4D3F-9D49-8B8D2E4EE84E}.Release|Any CPU.Build.0 = Release|Any CPU
		{E73351B5-ED40-4E7F-A5BF-0B5C7935DCBC}.Debug|Any CPU.ActiveCfg = Debug|Any CPU
		{E73351B5-ED40-4E7F-A5BF-0B5C7935DCBC}.Debug|Any CPU.Build.0 = Debug|Any CPU
		{E73351B5-ED40-4E7F-A5BF-0B5C7935DCBC}.Release|Any CPU.ActiveCfg = Release|Any CPU
		{E73351B5-ED40-4E7F-A5BF-0B5C7935DCBC}.Release|Any CPU.Build.0 = Release|Any CPU
		{0CE32A9B-7FD8-40FC-B42B-7E2AE04815D7}.Debug|Any CPU.ActiveCfg = Debug|Any CPU
		{0CE32A9B-7FD8-40FC-B42B-7E2AE04815D7}.Debug|Any CPU.Build.0 = Debug|Any CPU
		{0CE32A9B-7FD8-40FC-B42B-7E2AE04815D7}.Release|Any CPU.ActiveCfg = Release|Any CPU
		{0CE32A9B-7FD8-40FC-B42B-7E2AE04815D7}.Release|Any CPU.Build.0 = Release|Any CPU
		{4DD1A61F-F8D3-4BEA-96D7-96023340467D}.Debug|Any CPU.ActiveCfg = Debug|Any CPU
		{4DD1A61F-F8D3-4BEA-96D7-96023340467D}.Debug|Any CPU.Build.0 = Debug|Any CPU
		{4DD1A61F-F8D3-4BEA-96D7-96023340467D}.Release|Any CPU.ActiveCfg = Release|Any CPU
		{4DD1A61F-F8D3-4BEA-96D7-96023340467D}.Release|Any CPU.Build.0 = Release|Any CPU
	EndGlobalSection
	GlobalSection(SolutionProperties) = preSolution
		HideSolutionNode = FALSE
	EndGlobalSection
	GlobalSection(ExtensibilityGlobals) = postSolution
		SolutionGuid = {BCF55A9D-0DC8-45D3-A582-6E25399B82DA}
	EndGlobalSection
EndGlobal
